
Microsoft Visual Studio Solution File, Format Version 12.00
# Visual Studio 15
VisualStudioVersion = 15.0.27703.2000
MinimumVisualStudioVersion = 10.0.40219.1
Project("{9A19103F-16F7-4668-BE54-9A1E7A4F7556}") = "api.mapserv.utah.gov", "api.mapserv.utah.gov\api.mapserv.utah.gov.csproj", "{C406CB16-AB93-4085-979D-CFB86E1AEEA4}"
EndProject
Global
	GlobalSection(SolutionConfigurationPlatforms) = preSolution
		Debug|Any CPU = Debug|Any CPU
		Release|Any CPU = Release|Any CPU
	EndGlobalSection
	GlobalSection(ProjectConfigurationPlatforms) = postSolution
		{C406CB16-AB93-4085-979D-CFB86E1AEEA4}.Debug|Any CPU.ActiveCfg = Debug|Any CPU
		{C406CB16-AB93-4085-979D-CFB86E1AEEA4}.Debug|Any CPU.Build.0 = Debug|Any CPU
		{C406CB16-AB93-4085-979D-CFB86E1AEEA4}.Release|Any CPU.ActiveCfg = Release|Any CPU
		{C406CB16-AB93-4085-979D-CFB86E1AEEA4}.Release|Any CPU.Build.0 = Release|Any CPU
	EndGlobalSection
	GlobalSection(SolutionProperties) = preSolution
		HideSolutionNode = FALSE
	EndGlobalSection
	GlobalSection(ExtensibilityGlobals) = postSolution
		SolutionGuid = {F5F8A65F-FEA1-44E9-AF0B-4552F15E400D}
	EndGlobalSection
EndGlobal
