
Microsoft Visual Studio Solution File, Format Version 12.00
# Visual Studio 15
VisualStudioVersion = 15.0.27130.2026
MinimumVisualStudioVersion = 10.0.40219.1
Project("{FAE04EC0-301F-11D3-BF4B-00C04F79EFBC}") = "WebAPI.Dashboard", "WebAPI.Dashboard\WebAPI.Dashboard.csproj", "{8F2E753C-AF4F-40AD-B09A-9B3409457F8C}"
EndProject
Project("{FAE04EC0-301F-11D3-BF4B-00C04F79EFBC}") = "WebAPI.Dashboard.Tests", "WebAPI.Dashboard.Tests\WebAPI.Dashboard.Tests.csproj", "{2713D45D-D485-4040-ADEF-A76B1AED9D94}"
EndProject
Project("{FAE04EC0-301F-11D3-BF4B-00C04F79EFBC}") = "WebAPI.API", "WebAPI.API\WebAPI.API.csproj", "{B54C73C3-5A17-43EF-92F4-F0FAAE20C6EF}"
EndProject
Project("{FAE04EC0-301F-11D3-BF4B-00C04F79EFBC}") = "WebAPI.API.Tests", "WebAPI.API.Tests\WebAPI.API.Tests.csproj", "{78333D68-0DA0-4193-9703-1A25A6E4E42C}"
EndProject
Project("{FAE04EC0-301F-11D3-BF4B-00C04F79EFBC}") = "WebAPI.Common", "WebAPI.Common\WebAPI.Common.csproj", "{645A8FAF-98C4-4174-8E5F-A3EEA0C282A6}"
EndProject
Project("{FAE04EC0-301F-11D3-BF4B-00C04F79EFBC}") = "GeoJSON.Net", "..\GeoJSON.Net\src\GeoJSON.Net\GeoJSON.Net.csproj", "{7C0D45ED-681E-4DEC-9910-BAE1211E4889}"
EndProject
Project("{FAE04EC0-301F-11D3-BF4B-00C04F79EFBC}") = "GeoJSON.Net.Tests", "..\GeoJSON.Net\src\GeoJSON.Net.Tests\GeoJSON.Net.Tests.csproj", "{6C93B314-9208-4684-B873-172F7EC81689}"
EndProject
Project("{FAE04EC0-301F-11D3-BF4B-00C04F79EFBC}") = "WebAPI.Common.Tests", "WebAPI.Common.Tests\WebAPI.Common.Tests.csproj", "{5949F53B-2DA7-49C9-9503-28E71E1B61AC}"
EndProject
Project("{FAE04EC0-301F-11D3-BF4B-00C04F79EFBC}") = "WebAPI.Search.Soe", "WebAPI.Search.Soe\WebAPI.Search.Soe.csproj", "{FB9CA94A-FC1C-4D04-89B7-44A7BB9B41A8}"
EndProject
Project("{FAE04EC0-301F-11D3-BF4B-00C04F79EFBC}") = "Soe.Common", "Soe.Common\Soe.Common.csproj", "{4EAC7D0F-43FA-4BC5-AA16-F31EC9312713}"
EndProject
Project("{FAE04EC0-301F-11D3-BF4B-00C04F79EFBC}") = "WebAPI.Search.Soe.Tests", "WebAPI.Search.Soe.Tests\WebAPI.Search.Soe.Tests.csproj", "{3F52609C-777B-4A61-9C18-D2AF9438EBC2}"
EndProject
Project("{FAE04EC0-301F-11D3-BF4B-00C04F79EFBC}") = "WSUT.Upgrade.Soe", "WSUT.Upgrade.Soe\WSUT.Upgrade.Soe.csproj", "{7E08C38B-748F-4B2B-A76D-86B726060B02}"
EndProject
Project("{FAE04EC0-301F-11D3-BF4B-00C04F79EFBC}") = "WebAPI.Domain", "WebAPI.Domain\WebAPI.Domain.csproj", "{DC6A50CB-059B-4418-BBDF-58C40198BEBE}"
EndProject
Project("{FAE04EC0-301F-11D3-BF4B-00C04F79EFBC}") = "WebAPI.Domain.Tests", "WebAPI.Domain.Tests\WebAPI.Domain.Tests.csproj", "{B3949D48-10F6-4511-9F57-CAA8F2A6A987}"
EndProject
Project("{FAE04EC0-301F-11D3-BF4B-00C04F79EFBC}") = "EsriJson.Net", "..\EsriJson\EsriJson.Net\EsriJson.Net.csproj", "{90EB4E2E-BE29-4FE5-A2AA-6BCC4ACBA146}"
EndProject
Project("{FAE04EC0-301F-11D3-BF4B-00C04F79EFBC}") = "EsriJson.Net.Tests", "..\EsriJson\EsriJson.Net.Tests\EsriJson.Net.Tests.csproj", "{7903D7C7-C7DB-4645-86AB-9819D6BCB335}"
EndProject
Global
	GlobalSection(SolutionConfigurationPlatforms) = preSolution
		Debug|Any CPU = Debug|Any CPU
		Release|Any CPU = Release|Any CPU
	EndGlobalSection
	GlobalSection(ProjectConfigurationPlatforms) = postSolution
		{8F2E753C-AF4F-40AD-B09A-9B3409457F8C}.Debug|Any CPU.ActiveCfg = Debug|Any CPU
		{8F2E753C-AF4F-40AD-B09A-9B3409457F8C}.Debug|Any CPU.Build.0 = Debug|Any CPU
		{8F2E753C-AF4F-40AD-B09A-9B3409457F8C}.Release|Any CPU.ActiveCfg = Release|Any CPU
		{8F2E753C-AF4F-40AD-B09A-9B3409457F8C}.Release|Any CPU.Build.0 = Release|Any CPU
		{2713D45D-D485-4040-ADEF-A76B1AED9D94}.Debug|Any CPU.ActiveCfg = Debug|Any CPU
		{2713D45D-D485-4040-ADEF-A76B1AED9D94}.Debug|Any CPU.Build.0 = Debug|Any CPU
		{2713D45D-D485-4040-ADEF-A76B1AED9D94}.Release|Any CPU.ActiveCfg = Release|Any CPU
		{2713D45D-D485-4040-ADEF-A76B1AED9D94}.Release|Any CPU.Build.0 = Release|Any CPU
		{B54C73C3-5A17-43EF-92F4-F0FAAE20C6EF}.Debug|Any CPU.ActiveCfg = Debug|Any CPU
		{B54C73C3-5A17-43EF-92F4-F0FAAE20C6EF}.Debug|Any CPU.Build.0 = Debug|Any CPU
		{B54C73C3-5A17-43EF-92F4-F0FAAE20C6EF}.Release|Any CPU.ActiveCfg = Release|Any CPU
		{B54C73C3-5A17-43EF-92F4-F0FAAE20C6EF}.Release|Any CPU.Build.0 = Release|Any CPU
		{78333D68-0DA0-4193-9703-1A25A6E4E42C}.Debug|Any CPU.ActiveCfg = Debug|Any CPU
		{78333D68-0DA0-4193-9703-1A25A6E4E42C}.Debug|Any CPU.Build.0 = Debug|Any CPU
		{78333D68-0DA0-4193-9703-1A25A6E4E42C}.Release|Any CPU.ActiveCfg = Release|Any CPU
		{78333D68-0DA0-4193-9703-1A25A6E4E42C}.Release|Any CPU.Build.0 = Release|Any CPU
		{645A8FAF-98C4-4174-8E5F-A3EEA0C282A6}.Debug|Any CPU.ActiveCfg = Debug|Any CPU
		{645A8FAF-98C4-4174-8E5F-A3EEA0C282A6}.Debug|Any CPU.Build.0 = Debug|Any CPU
		{645A8FAF-98C4-4174-8E5F-A3EEA0C282A6}.Release|Any CPU.ActiveCfg = Release|Any CPU
		{645A8FAF-98C4-4174-8E5F-A3EEA0C282A6}.Release|Any CPU.Build.0 = Release|Any CPU
		{7C0D45ED-681E-4DEC-9910-BAE1211E4889}.Debug|Any CPU.ActiveCfg = Debug|Any CPU
		{7C0D45ED-681E-4DEC-9910-BAE1211E4889}.Debug|Any CPU.Build.0 = Debug|Any CPU
		{7C0D45ED-681E-4DEC-9910-BAE1211E4889}.Release|Any CPU.ActiveCfg = Release|Any CPU
		{7C0D45ED-681E-4DEC-9910-BAE1211E4889}.Release|Any CPU.Build.0 = Release|Any CPU
		{6C93B314-9208-4684-B873-172F7EC81689}.Debug|Any CPU.ActiveCfg = Debug|Any CPU
		{6C93B314-9208-4684-B873-172F7EC81689}.Debug|Any CPU.Build.0 = Debug|Any CPU
		{6C93B314-9208-4684-B873-172F7EC81689}.Release|Any CPU.ActiveCfg = Release|Any CPU
		{6C93B314-9208-4684-B873-172F7EC81689}.Release|Any CPU.Build.0 = Release|Any CPU
		{5949F53B-2DA7-49C9-9503-28E71E1B61AC}.Debug|Any CPU.ActiveCfg = Debug|Any CPU
		{5949F53B-2DA7-49C9-9503-28E71E1B61AC}.Debug|Any CPU.Build.0 = Debug|Any CPU
		{5949F53B-2DA7-49C9-9503-28E71E1B61AC}.Release|Any CPU.ActiveCfg = Release|Any CPU
		{5949F53B-2DA7-49C9-9503-28E71E1B61AC}.Release|Any CPU.Build.0 = Release|Any CPU
		{FB9CA94A-FC1C-4D04-89B7-44A7BB9B41A8}.Debug|Any CPU.ActiveCfg = Debug|Any CPU
		{FB9CA94A-FC1C-4D04-89B7-44A7BB9B41A8}.Debug|Any CPU.Build.0 = Debug|Any CPU
		{FB9CA94A-FC1C-4D04-89B7-44A7BB9B41A8}.Release|Any CPU.ActiveCfg = Release|Any CPU
		{FB9CA94A-FC1C-4D04-89B7-44A7BB9B41A8}.Release|Any CPU.Build.0 = Release|Any CPU
		{4EAC7D0F-43FA-4BC5-AA16-F31EC9312713}.Debug|Any CPU.ActiveCfg = Debug|Any CPU
		{4EAC7D0F-43FA-4BC5-AA16-F31EC9312713}.Debug|Any CPU.Build.0 = Debug|Any CPU
		{4EAC7D0F-43FA-4BC5-AA16-F31EC9312713}.Release|Any CPU.ActiveCfg = Release|Any CPU
		{4EAC7D0F-43FA-4BC5-AA16-F31EC9312713}.Release|Any CPU.Build.0 = Release|Any CPU
		{3F52609C-777B-4A61-9C18-D2AF9438EBC2}.Debug|Any CPU.ActiveCfg = Debug|Any CPU
		{3F52609C-777B-4A61-9C18-D2AF9438EBC2}.Debug|Any CPU.Build.0 = Debug|Any CPU
		{3F52609C-777B-4A61-9C18-D2AF9438EBC2}.Release|Any CPU.ActiveCfg = Release|Any CPU
		{3F52609C-777B-4A61-9C18-D2AF9438EBC2}.Release|Any CPU.Build.0 = Release|Any CPU
		{7E08C38B-748F-4B2B-A76D-86B726060B02}.Debug|Any CPU.ActiveCfg = Debug|Any CPU
		{7E08C38B-748F-4B2B-A76D-86B726060B02}.Debug|Any CPU.Build.0 = Debug|Any CPU
		{7E08C38B-748F-4B2B-A76D-86B726060B02}.Release|Any CPU.ActiveCfg = Release|Any CPU
		{7E08C38B-748F-4B2B-A76D-86B726060B02}.Release|Any CPU.Build.0 = Release|Any CPU
		{DC6A50CB-059B-4418-BBDF-58C40198BEBE}.Debug|Any CPU.ActiveCfg = Debug|Any CPU
		{DC6A50CB-059B-4418-BBDF-58C40198BEBE}.Debug|Any CPU.Build.0 = Debug|Any CPU
		{DC6A50CB-059B-4418-BBDF-58C40198BEBE}.Release|Any CPU.ActiveCfg = Release|Any CPU
		{DC6A50CB-059B-4418-BBDF-58C40198BEBE}.Release|Any CPU.Build.0 = Release|Any CPU
		{B3949D48-10F6-4511-9F57-CAA8F2A6A987}.Debug|Any CPU.ActiveCfg = Debug|Any CPU
		{B3949D48-10F6-4511-9F57-CAA8F2A6A987}.Debug|Any CPU.Build.0 = Debug|Any CPU
		{B3949D48-10F6-4511-9F57-CAA8F2A6A987}.Release|Any CPU.ActiveCfg = Release|Any CPU
		{B3949D48-10F6-4511-9F57-CAA8F2A6A987}.Release|Any CPU.Build.0 = Release|Any CPU
		{90EB4E2E-BE29-4FE5-A2AA-6BCC4ACBA146}.Debug|Any CPU.ActiveCfg = Debug|Any CPU
		{90EB4E2E-BE29-4FE5-A2AA-6BCC4ACBA146}.Debug|Any CPU.Build.0 = Debug|Any CPU
		{90EB4E2E-BE29-4FE5-A2AA-6BCC4ACBA146}.Release|Any CPU.ActiveCfg = Release|Any CPU
		{90EB4E2E-BE29-4FE5-A2AA-6BCC4ACBA146}.Release|Any CPU.Build.0 = Release|Any CPU
		{7903D7C7-C7DB-4645-86AB-9819D6BCB335}.Debug|Any CPU.ActiveCfg = Debug|Any CPU
		{7903D7C7-C7DB-4645-86AB-9819D6BCB335}.Debug|Any CPU.Build.0 = Debug|Any CPU
		{7903D7C7-C7DB-4645-86AB-9819D6BCB335}.Release|Any CPU.ActiveCfg = Release|Any CPU
		{7903D7C7-C7DB-4645-86AB-9819D6BCB335}.Release|Any CPU.Build.0 = Release|Any CPU
	EndGlobalSection
	GlobalSection(SolutionProperties) = preSolution
		HideSolutionNode = FALSE
	EndGlobalSection
	GlobalSection(ExtensibilityGlobals) = postSolution
		SolutionGuid = {563E455D-9FD2-4D0C-8E83-74D3B4F3FD13}
	EndGlobalSection
EndGlobal
